
Microsoft Visual Studio Solution File, Format Version 12.00
# Visual Studio Version 17
VisualStudioVersion = 17.8.34525.116
MinimumVisualStudioVersion = 10.0.40219.1
Project("{FAE04EC0-301F-11D3-BF4B-00C04F79EFBC}") = "DBProject", "DBProject\DBProject.csproj", "{DC5A6D2D-C3EA-41AC-88A8-92F744840A50}"
EndProject
Global
	GlobalSection(SolutionConfigurationPlatforms) = preSolution
		Debug|Any CPU = Debug|Any CPU
		Release|Any CPU = Release|Any CPU
	EndGlobalSection
	GlobalSection(ProjectConfigurationPlatforms) = postSolution
		{DC5A6D2D-C3EA-41AC-88A8-92F744840A50}.Debug|Any CPU.ActiveCfg = Debug|Any CPU
		{DC5A6D2D-C3EA-41AC-88A8-92F744840A50}.Debug|Any CPU.Build.0 = Debug|Any CPU
		{DC5A6D2D-C3EA-41AC-88A8-92F744840A50}.Release|Any CPU.ActiveCfg = Release|Any CPU
		{DC5A6D2D-C3EA-41AC-88A8-92F744840A50}.Release|Any CPU.Build.0 = Release|Any CPU
	EndGlobalSection
	GlobalSection(SolutionProperties) = preSolution
		HideSolutionNode = FALSE
	EndGlobalSection
	GlobalSection(ExtensibilityGlobals) = postSolution
		SolutionGuid = {660532B6-5A32-4252-BCDB-3A599F073B90}
	EndGlobalSection
EndGlobal
